
Microsoft Visual Studio Solution File, Format Version 12.00
# Visual Studio Version 17
VisualStudioVersion = 17.13.35931.197 d17.13
MinimumVisualStudioVersion = 10.0.40219.1
Project("{FAE04EC0-301F-11D3-BF4B-00C04F79EFBC}") = "NewsAPI4Client", "NewsAPI4Client\NewsAPI4Client.csproj", "{D634AF7B-5DBD-4241-B84C-2BCD2991B040}"
EndProject
Global
	GlobalSection(SolutionConfigurationPlatforms) = preSolution
		Debug|Any CPU = Debug|Any CPU
		Release|Any CPU = Release|Any CPU
	EndGlobalSection
	GlobalSection(ProjectConfigurationPlatforms) = postSolution
		{D634AF7B-5DBD-4241-B84C-2BCD2991B040}.Debug|Any CPU.ActiveCfg = Debug|Any CPU
		{D634AF7B-5DBD-4241-B84C-2BCD2991B040}.Debug|Any CPU.Build.0 = Debug|Any CPU
		{D634AF7B-5DBD-4241-B84C-2BCD2991B040}.Release|Any CPU.ActiveCfg = Release|Any CPU
		{D634AF7B-5DBD-4241-B84C-2BCD2991B040}.Release|Any CPU.Build.0 = Release|Any CPU
	EndGlobalSection
	GlobalSection(SolutionProperties) = preSolution
		HideSolutionNode = FALSE
	EndGlobalSection
	GlobalSection(ExtensibilityGlobals) = postSolution
		SolutionGuid = {627E8534-93E9-4DD1-A748-3728BBDCA796}
	EndGlobalSection
EndGlobal
