
Microsoft Visual Studio Solution File, Format Version 12.00
# Visual Studio Version 17
VisualStudioVersion = 17.13.35931.197 d17.13
MinimumVisualStudioVersion = 10.0.40219.1
Project("{FAE04EC0-301F-11D3-BF4B-00C04F79EFBC}") = "APIEntity2", "APIEntity2\APIEntity2.csproj", "{3DB63C26-BCCA-4370-A1A8-6D00B4719B12}"
EndProject
Global
	GlobalSection(SolutionConfigurationPlatforms) = preSolution
		Debug|Any CPU = Debug|Any CPU
		Release|Any CPU = Release|Any CPU
	EndGlobalSection
	GlobalSection(ProjectConfigurationPlatforms) = postSolution
		{3DB63C26-BCCA-4370-A1A8-6D00B4719B12}.Debug|Any CPU.ActiveCfg = Debug|Any CPU
		{3DB63C26-BCCA-4370-A1A8-6D00B4719B12}.Debug|Any CPU.Build.0 = Debug|Any CPU
		{3DB63C26-BCCA-4370-A1A8-6D00B4719B12}.Release|Any CPU.ActiveCfg = Release|Any CPU
		{3DB63C26-BCCA-4370-A1A8-6D00B4719B12}.Release|Any CPU.Build.0 = Release|Any CPU
	EndGlobalSection
	GlobalSection(SolutionProperties) = preSolution
		HideSolutionNode = FALSE
	EndGlobalSection
	GlobalSection(ExtensibilityGlobals) = postSolution
		SolutionGuid = {6539A636-8D47-4F35-904F-5CFE960FFC0D}
	EndGlobalSection
EndGlobal
